
Microsoft Visual Studio Solution File, Format Version 12.00
# Visual Studio 15
VisualStudioVersion = 15.0.28124.53
MinimumVisualStudioVersion = 10.0.40219.1
Project("{9A19103F-16F7-4668-BE54-9A1E7A4F7556}") = "dotnetConf", "dotnetConf.csproj", "{F2D79F4A-5099-4B97-BA55-DCA5120DC340}"
EndProject
Global
	GlobalSection(SolutionConfigurationPlatforms) = preSolution
		Debug|Any CPU = Debug|Any CPU
		Release|Any CPU = Release|Any CPU
	EndGlobalSection
	GlobalSection(ProjectConfigurationPlatforms) = postSolution
		{F2D79F4A-5099-4B97-BA55-DCA5120DC340}.Debug|Any CPU.ActiveCfg = Debug|Any CPU
		{F2D79F4A-5099-4B97-BA55-DCA5120DC340}.Debug|Any CPU.Build.0 = Debug|Any CPU
		{F2D79F4A-5099-4B97-BA55-DCA5120DC340}.Release|Any CPU.ActiveCfg = Release|Any CPU
		{F2D79F4A-5099-4B97-BA55-DCA5120DC340}.Release|Any CPU.Build.0 = Release|Any CPU
	EndGlobalSection
	GlobalSection(SolutionProperties) = preSolution
		HideSolutionNode = FALSE
	EndGlobalSection
	GlobalSection(ExtensibilityGlobals) = postSolution
		SolutionGuid = {49AFD435-B517-42B4-97B4-078DF95DE64F}
	EndGlobalSection
EndGlobal
